
Microsoft Visual Studio Solution File, Format Version 12.00
# Visual Studio 15
VisualStudioVersion = 15.0.27130.2010
MinimumVisualStudioVersion = 10.0.40219.1
Project("{FAE04EC0-301F-11D3-BF4B-00C04F79EFBC}") = "GDT_API", "GDT_API\GDT_API.csproj", "{81D182BC-BF43-4FAE-8ED5-F8A448785369}"
EndProject
Project("{FAE04EC0-301F-11D3-BF4B-00C04F79EFBC}") = "GDT", "GDT\GDT.csproj", "{09E5B669-426B-4A6E-8A69-3C2BBA0EB953}"
EndProject
Global
	GlobalSection(SolutionConfigurationPlatforms) = preSolution
		Debug|Any CPU = Debug|Any CPU
		Release|Any CPU = Release|Any CPU
	EndGlobalSection
	GlobalSection(ProjectConfigurationPlatforms) = postSolution
		{81D182BC-BF43-4FAE-8ED5-F8A448785369}.Debug|Any CPU.ActiveCfg = Debug|Any CPU
		{81D182BC-BF43-4FAE-8ED5-F8A448785369}.Debug|Any CPU.Build.0 = Debug|Any CPU
		{81D182BC-BF43-4FAE-8ED5-F8A448785369}.Release|Any CPU.ActiveCfg = Release|Any CPU
		{81D182BC-BF43-4FAE-8ED5-F8A448785369}.Release|Any CPU.Build.0 = Release|Any CPU
		{09E5B669-426B-4A6E-8A69-3C2BBA0EB953}.Debug|Any CPU.ActiveCfg = Debug|Any CPU
		{09E5B669-426B-4A6E-8A69-3C2BBA0EB953}.Debug|Any CPU.Build.0 = Debug|Any CPU
		{09E5B669-426B-4A6E-8A69-3C2BBA0EB953}.Release|Any CPU.ActiveCfg = Release|Any CPU
		{09E5B669-426B-4A6E-8A69-3C2BBA0EB953}.Release|Any CPU.Build.0 = Release|Any CPU
	EndGlobalSection
	GlobalSection(SolutionProperties) = preSolution
		HideSolutionNode = FALSE
	EndGlobalSection
	GlobalSection(ExtensibilityGlobals) = postSolution
		SolutionGuid = {F02EBDB8-3AB1-406E-A9B2-804E905032F9}
	EndGlobalSection
EndGlobal
